
Microsoft Visual Studio Solution File, Format Version 12.00
# Visual Studio Version 17
VisualStudioVersion = 17.0.31903.59
MinimumVisualStudioVersion = 10.0.40219.1
Project("{9A19103F-16F7-4668-BE54-9A1E7A4F7556}") = "PayPal.PartnerGateway", "src\PayPal.PartnerGateway\PayPal.PartnerGateway.csproj", "{F0B4D0C3-4EF7-4744-BF58-32A080E870D8}"
EndProject
Project("{9A19103F-16F7-4668-BE54-9A1E7A4F7556}") = "PayPal.PartnerGateway.AspNetCore", "src\PayPal.PartnerGateway.AspNetCore\PayPal.PartnerGateway.AspNetCore.csproj", "{C0672E07-0D89-4E30-87DF-44A7F81E6F5F}"
EndProject
Project("{9A19103F-16F7-4668-BE54-9A1E7A4F7556}") = "PayPal.PartnerGateway.Sample.WebApi", "samples\PayPal.PartnerGateway.Sample.WebApi\PayPal.PartnerGateway.Sample.WebApi.csproj", "{5CABBAA4-4D0A-4146-968E-D9FA4A1FD2A7}"
EndProject
Project("{9A19103F-16F7-4668-BE54-9A1E7A4F7556}") = "PayPal.PartnerGateway.Tests", "tests\PayPal.PartnerGateway.Tests\PayPal.PartnerGateway.Tests.csproj", "{13DB9498-2AD7-43FA-9C11-0F5D8F0F4155}"
EndProject
Global
	GlobalSection(SolutionConfigurationPlatforms) = preSolution
		Debug|Any CPU = Debug|Any CPU
		Release|Any CPU = Release|Any CPU
	EndGlobalSection
	GlobalSection(ProjectConfigurationPlatforms) = postSolution
		{F0B4D0C3-4EF7-4744-BF58-32A080E870D8}.Debug|Any CPU.ActiveCfg = Debug|Any CPU
		{F0B4D0C3-4EF7-4744-BF58-32A080E870D8}.Debug|Any CPU.Build.0 = Debug|Any CPU
		{F0B4D0C3-4EF7-4744-BF58-32A080E870D8}.Release|Any CPU.ActiveCfg = Release|Any CPU
		{F0B4D0C3-4EF7-4744-BF58-32A080E870D8}.Release|Any CPU.Build.0 = Release|Any CPU
		{C0672E07-0D89-4E30-87DF-44A7F81E6F5F}.Debug|Any CPU.ActiveCfg = Debug|Any CPU
		{C0672E07-0D89-4E30-87DF-44A7F81E6F5F}.Debug|Any CPU.Build.0 = Debug|Any CPU
		{C0672E07-0D89-4E30-87DF-44A7F81E6F5F}.Release|Any CPU.ActiveCfg = Release|Any CPU
		{C0672E07-0D89-4E30-87DF-44A7F81E6F5F}.Release|Any CPU.Build.0 = Release|Any CPU
		{5CABBAA4-4D0A-4146-968E-D9FA4A1FD2A7}.Debug|Any CPU.ActiveCfg = Debug|Any CPU
		{5CABBAA4-4D0A-4146-968E-D9FA4A1FD2A7}.Debug|Any CPU.Build.0 = Debug|Any CPU
		{5CABBAA4-4D0A-4146-968E-D9FA4A1FD2A7}.Release|Any CPU.ActiveCfg = Release|Any CPU
		{5CABBAA4-4D0A-4146-968E-D9FA4A1FD2A7}.Release|Any CPU.Build.0 = Release|Any CPU
		{13DB9498-2AD7-43FA-9C11-0F5D8F0F4155}.Debug|Any CPU.ActiveCfg = Debug|Any CPU
		{13DB9498-2AD7-43FA-9C11-0F5D8F0F4155}.Debug|Any CPU.Build.0 = Debug|Any CPU
		{13DB9498-2AD7-43FA-9C11-0F5D8F0F4155}.Release|Any CPU.ActiveCfg = Release|Any CPU
		{13DB9498-2AD7-43FA-9C11-0F5D8F0F4155}.Release|Any CPU.Build.0 = Release|Any CPU
	EndGlobalSection
	GlobalSection(SolutionProperties) = preSolution
		HideSolutionNode = FALSE
	EndGlobalSection
	GlobalSection(ExtensibilityGlobals) = postSolution
		SolutionGuid = {3F5275E7-F99D-4DEF-B38C-BF746BD23D46}
	EndGlobalSection
EndGlobal
